
Microsoft Visual Studio Solution File, Format Version 12.00
# Visual Studio 15
VisualStudioVersion = 15.0.28010.2046
MinimumVisualStudioVersion = 10.0.40219.1
Project("{FAE04EC0-301F-11D3-BF4B-00C04F79EFBC}") = "ContactsAppUI", "ContactsAppUI\ContactsAppUI.csproj", "{1F08D63B-905D-410C-A95B-173BC6CAE177}"
EndProject
Project("{FAE04EC0-301F-11D3-BF4B-00C04F79EFBC}") = "ContactsApp", "ContactsApp\ContactsApp.csproj", "{6570F9D4-3D2C-407F-A445-05B89A44795D}"
EndProject
Global
	GlobalSection(SolutionConfigurationPlatforms) = preSolution
		Debug|Any CPU = Debug|Any CPU
		Release|Any CPU = Release|Any CPU
	EndGlobalSection
	GlobalSection(ProjectConfigurationPlatforms) = postSolution
		{1F08D63B-905D-410C-A95B-173BC6CAE177}.Debug|Any CPU.ActiveCfg = Debug|Any CPU
		{1F08D63B-905D-410C-A95B-173BC6CAE177}.Debug|Any CPU.Build.0 = Debug|Any CPU
		{1F08D63B-905D-410C-A95B-173BC6CAE177}.Release|Any CPU.ActiveCfg = Release|Any CPU
		{1F08D63B-905D-410C-A95B-173BC6CAE177}.Release|Any CPU.Build.0 = Release|Any CPU
		{6570F9D4-3D2C-407F-A445-05B89A44795D}.Debug|Any CPU.ActiveCfg = Debug|Any CPU
		{6570F9D4-3D2C-407F-A445-05B89A44795D}.Debug|Any CPU.Build.0 = Debug|Any CPU
		{6570F9D4-3D2C-407F-A445-05B89A44795D}.Release|Any CPU.ActiveCfg = Release|Any CPU
		{6570F9D4-3D2C-407F-A445-05B89A44795D}.Release|Any CPU.Build.0 = Release|Any CPU
	EndGlobalSection
	GlobalSection(SolutionProperties) = preSolution
		HideSolutionNode = FALSE
	EndGlobalSection
	GlobalSection(ExtensibilityGlobals) = postSolution
		SolutionGuid = {49F3BACB-2C64-4FBD-8FA6-099BAE1CF038}
	EndGlobalSection
EndGlobal
